
Microsoft Visual Studio Solution File, Format Version 12.00
# Visual Studio Version 16
VisualStudioVersion = 16.0.29806.167
MinimumVisualStudioVersion = 10.0.40219.1
Project("{9A19103F-16F7-4668-BE54-9A1E7A4F7556}") = "Recognize", "Recognize.csproj", "{DC3D94C1-E60C-478F-BD25-04E55C00E144}"
EndProject
Global
	GlobalSection(SolutionConfigurationPlatforms) = preSolution
		Debug|Any CPU = Debug|Any CPU
		Release|Any CPU = Release|Any CPU
	EndGlobalSection
	GlobalSection(ProjectConfigurationPlatforms) = postSolution
		{DC3D94C1-E60C-478F-BD25-04E55C00E144}.Debug|Any CPU.ActiveCfg = Debug|Any CPU
		{DC3D94C1-E60C-478F-BD25-04E55C00E144}.Debug|Any CPU.Build.0 = Debug|Any CPU
		{DC3D94C1-E60C-478F-BD25-04E55C00E144}.Release|Any CPU.ActiveCfg = Release|Any CPU
		{DC3D94C1-E60C-478F-BD25-04E55C00E144}.Release|Any CPU.Build.0 = Release|Any CPU
	EndGlobalSection
	GlobalSection(SolutionProperties) = preSolution
		HideSolutionNode = FALSE
	EndGlobalSection
	GlobalSection(ExtensibilityGlobals) = postSolution
		SolutionGuid = {426ED1D7-CAE7-466F-A138-A76E80D966D3}
	EndGlobalSection
EndGlobal
